
Microsoft Visual Studio Solution File, Format Version 12.00
# Visual Studio Version 17
VisualStudioVersion = 17.2.32516.85
MinimumVisualStudioVersion = 10.0.40219.1
Project("{FAE04EC0-301F-11D3-BF4B-00C04F79EFBC}") = "CsAimBot-1", "CsAimBot-1.csproj", "{DB644A25-36BF-4749-87B5-DB7EA7ADB82C}"
EndProject
Global
	GlobalSection(SolutionConfigurationPlatforms) = preSolution
		Debug|Any CPU = Debug|Any CPU
		Release|Any CPU = Release|Any CPU
	EndGlobalSection
	GlobalSection(ProjectConfigurationPlatforms) = postSolution
		{DB644A25-36BF-4749-87B5-DB7EA7ADB82C}.Debug|Any CPU.ActiveCfg = Debug|Any CPU
		{DB644A25-36BF-4749-87B5-DB7EA7ADB82C}.Debug|Any CPU.Build.0 = Debug|Any CPU
		{DB644A25-36BF-4749-87B5-DB7EA7ADB82C}.Release|Any CPU.ActiveCfg = Release|Any CPU
		{DB644A25-36BF-4749-87B5-DB7EA7ADB82C}.Release|Any CPU.Build.0 = Release|Any CPU
	EndGlobalSection
	GlobalSection(SolutionProperties) = preSolution
		HideSolutionNode = FALSE
	EndGlobalSection
	GlobalSection(ExtensibilityGlobals) = postSolution
		SolutionGuid = {D8E75998-954E-4BED-8F9E-73C3A0C79A48}
	EndGlobalSection
EndGlobal
